
Microsoft Visual Studio Solution File, Format Version 12.00
# Visual Studio Version 16
VisualStudioVersion = 16.0.28922.388
MinimumVisualStudioVersion = 10.0.40219.1
Project("{FAE04EC0-301F-11D3-BF4B-00C04F79EFBC}") = "Selenium_Tutorial", "Selenium_Tutorial\Selenium_Tutorial.csproj", "{E565C28E-936B-473F-AFA6-733BC0286C3E}"
EndProject
Global
	GlobalSection(SolutionConfigurationPlatforms) = preSolution
		Debug|Any CPU = Debug|Any CPU
		Release|Any CPU = Release|Any CPU
	EndGlobalSection
	GlobalSection(ProjectConfigurationPlatforms) = postSolution
		{E565C28E-936B-473F-AFA6-733BC0286C3E}.Debug|Any CPU.ActiveCfg = Debug|Any CPU
		{E565C28E-936B-473F-AFA6-733BC0286C3E}.Debug|Any CPU.Build.0 = Debug|Any CPU
		{E565C28E-936B-473F-AFA6-733BC0286C3E}.Release|Any CPU.ActiveCfg = Release|Any CPU
		{E565C28E-936B-473F-AFA6-733BC0286C3E}.Release|Any CPU.Build.0 = Release|Any CPU
	EndGlobalSection
	GlobalSection(SolutionProperties) = preSolution
		HideSolutionNode = FALSE
	EndGlobalSection
	GlobalSection(ExtensibilityGlobals) = postSolution
		SolutionGuid = {2883CC2E-06FF-4E23-81C6-13A543D37570}
	EndGlobalSection
EndGlobal
